
Microsoft Visual Studio Solution File, Format Version 12.00
# Blend for Visual Studio Version 16
VisualStudioVersion = 16.0.29409.12
MinimumVisualStudioVersion = 10.0.40219.1
Project("{FAE04EC0-301F-11D3-BF4B-00C04F79EFBC}") = "ChargerDockDashBoard", "ChargerDockDashBoard.csproj", "{CE465E83-B005-4718-ACE4-9339082C50E8}"
EndProject
Global
	GlobalSection(SolutionConfigurationPlatforms) = preSolution
		Debug|Any CPU = Debug|Any CPU
		Release|Any CPU = Release|Any CPU
	EndGlobalSection
	GlobalSection(ProjectConfigurationPlatforms) = postSolution
		{CE465E83-B005-4718-ACE4-9339082C50E8}.Debug|Any CPU.ActiveCfg = Debug|Any CPU
		{CE465E83-B005-4718-ACE4-9339082C50E8}.Debug|Any CPU.Build.0 = Debug|Any CPU
		{CE465E83-B005-4718-ACE4-9339082C50E8}.Release|Any CPU.ActiveCfg = Release|Any CPU
		{CE465E83-B005-4718-ACE4-9339082C50E8}.Release|Any CPU.Build.0 = Release|Any CPU
	EndGlobalSection
	GlobalSection(SolutionProperties) = preSolution
		HideSolutionNode = FALSE
	EndGlobalSection
	GlobalSection(ExtensibilityGlobals) = postSolution
		SolutionGuid = {649B1C20-157F-4CFB-BE48-1C35A49231AE}
	EndGlobalSection
EndGlobal
